
Microsoft Visual Studio Solution File, Format Version 12.00
Project("{FAE04EC0-301F-11D3-BF4B-00C04F79EFBC}") = "SignalRServer", "SignalRServer\SignalRServer.csproj", "{68F468EA-E71A-43B0-87A4-E4B3CC640255}"
EndProject
Project("{FAE04EC0-301F-11D3-BF4B-00C04F79EFBC}") = "BizServer", "BizServer\BizServer.csproj", "{D8EBB38C-8C12-4AAD-8C9D-2FC5EE8EB7F6}"
EndProject
Global
	GlobalSection(SolutionConfigurationPlatforms) = preSolution
		Debug|Any CPU = Debug|Any CPU
		Release|Any CPU = Release|Any CPU
	EndGlobalSection
	GlobalSection(ProjectConfigurationPlatforms) = postSolution
		{68F468EA-E71A-43B0-87A4-E4B3CC640255}.Debug|Any CPU.ActiveCfg = Debug|Any CPU
		{68F468EA-E71A-43B0-87A4-E4B3CC640255}.Debug|Any CPU.Build.0 = Debug|Any CPU
		{68F468EA-E71A-43B0-87A4-E4B3CC640255}.Release|Any CPU.ActiveCfg = Release|Any CPU
		{68F468EA-E71A-43B0-87A4-E4B3CC640255}.Release|Any CPU.Build.0 = Release|Any CPU
		{D8EBB38C-8C12-4AAD-8C9D-2FC5EE8EB7F6}.Debug|Any CPU.ActiveCfg = Debug|Any CPU
		{D8EBB38C-8C12-4AAD-8C9D-2FC5EE8EB7F6}.Debug|Any CPU.Build.0 = Debug|Any CPU
		{D8EBB38C-8C12-4AAD-8C9D-2FC5EE8EB7F6}.Release|Any CPU.ActiveCfg = Release|Any CPU
		{D8EBB38C-8C12-4AAD-8C9D-2FC5EE8EB7F6}.Release|Any CPU.Build.0 = Release|Any CPU
	EndGlobalSection
EndGlobal
